dependencies:
- name: cert-manager
  repository: https://charts.jetstack.io
  version: v1.21.0
- name: cilium
  repository: https://helm.cilium.io
  version: 1.20.0-rc.0
- name: metallb
  repository: https://metallb.github.io/metallb
  version: 0.13.12
- name: metrics-server
  repository: https://kubernetes-sigs.github.io/metrics-server
  version: 3.13.1
- name: local-path-provisioner
  repository: https://charts.containeroo.ch
  version: 0.0.24
- name: minio
  repository: https://charts.min.io
  version: 4.1.0
- name: kube-prometheus-stack
  repository: https://prometheus-community.github.io/helm-charts
  version: 46.8.0
- name: fluent-bit
  repository: https://fluent.github.io/helm-charts
  version: 0.57.9
- name: loki
  repository: https://grafana.github.io/helm-charts
  version: 2.16.0
- name: tempo
  repository: https://grafana.github.io/helm-charts
  version: 1.24.4
- name: mimir-distributed
  repository: https://grafana.github.io/helm-charts
  version: 4.5.0
digest: sha256:a977b14c1c2e5471a472b2bd1923b01752f30e62e86b08b3c8096fd651110c4d
generated: "2026-07-20T23:14:21.893981717Z"
