dependencies:
- name: cert-manager
  repository: https://charts.jetstack.io
  version: v1.21.1
- name: cilium
  repository: https://helm.cilium.io
  version: 1.21.0-pre.2
- name: metallb
  repository: https://metallb.github.io/metallb
  version: 0.13.12
- name: metrics-server
  repository: https://kubernetes-sigs.github.io/metrics-server
  version: 3.14.0
- name: local-path-provisioner
  repository: https://charts.containeroo.ch
  version: 0.0.24
- name: minio
  repository: https://charts.min.io
  version: 4.1.0
- name: kube-prometheus-stack
  repository: https://prometheus-community.github.io/helm-charts
  version: 46.8.0
- name: fluent-bit
  repository: https://fluent.github.io/helm-charts
  version: 0.30.4
- name: loki
  repository: https://grafana.github.io/helm-charts
  version: 7.3.0
- name: tempo
  repository: https://grafana.github.io/helm-charts
  version: 1.24.4
- name: mimir-distributed
  repository: https://grafana.github.io/helm-charts
  version: 4.5.0
digest: sha256:c09bc0cf716269b8a2f0aacf07d3b8186e7c4bb96b276a28a24f50ad053c187a
generated: "2026-09-10T19:48:20.634555608Z"
