dependencies:
- name: cert-manager
  repository: https://charts.jetstack.io
  version: v1.21.1
- name: cilium
  repository: https://helm.cilium.io
  version: 1.21.0-pre.0
- name: metallb
  repository: https://metallb.github.io/metallb
  version: 0.13.12
- name: metrics-server
  repository: https://kubernetes-sigs.github.io/metrics-server
  version: 3.14.0
- name: local-path-provisioner
  repository: https://charts.containeroo.ch
  version: 0.0.24
- name: minio
  repository: https://charts.min.io
  version: 4.1.0
- name: kube-prometheus-stack
  repository: https://prometheus-community.github.io/helm-charts
  version: 46.8.0
- name: fluent-bit
  repository: https://fluent.github.io/helm-charts
  version: 0.58.1
- name: loki
  repository: https://grafana.github.io/helm-charts
  version: 2.16.0
- name: tempo
  repository: https://grafana.github.io/helm-charts
  version: 1.24.4
- name: mimir-distributed
  repository: https://grafana.github.io/helm-charts
  version: 4.5.0
digest: sha256:cd35fd3f3874d2174436770802d1aa08fe2dc5aee13f82665ec353bbcdad334e
generated: "2026-08-26T18:46:15.694188817Z"
